
Microsoft Visual Studio Solution File, Format Version 12.00
# Visual Studio Version 17
VisualStudioVersion = 17.3.32929.385
MinimumVisualStudioVersion = 10.0.40219.1
Project("{FAE04EC0-301F-11D3-BF4B-00C04F79EFBC}") = "KensShopOnline.Web", "KensShopOnline.Web\KensShopOnline.Web.csproj", "{891E9206-A29E-4DC6-AA17-E64936F3C5DC}"
EndProject
Project("{FAE04EC0-301F-11D3-BF4B-00C04F79EFBC}") = "KensShopOnline.Api", "KensShopOnline.Api\KensShopOnline.Api.csproj", "{83624347-45BB-4E34-A628-0144DF102203}"
EndProject
Project("{FAE04EC0-301F-11D3-BF4B-00C04F79EFBC}") = "KensShopOnline.Models", "KensShopOnline.Models\KensShopOnline.Models.csproj", "{23917D62-455F-4EE2-9D52-5A0CED80684F}"
EndProject
Global
	GlobalSection(SolutionConfigurationPlatforms) = preSolution
		Debug|Any CPU = Debug|Any CPU
		Release|Any CPU = Release|Any CPU
	EndGlobalSection
	GlobalSection(ProjectConfigurationPlatforms) = postSolution
		{891E9206-A29E-4DC6-AA17-E64936F3C5DC}.Debug|Any CPU.ActiveCfg = Debug|Any CPU
		{891E9206-A29E-4DC6-AA17-E64936F3C5DC}.Debug|Any CPU.Build.0 = Debug|Any CPU
		{891E9206-A29E-4DC6-AA17-E64936F3C5DC}.Release|Any CPU.ActiveCfg = Release|Any CPU
		{891E9206-A29E-4DC6-AA17-E64936F3C5DC}.Release|Any CPU.Build.0 = Release|Any CPU
		{83624347-45BB-4E34-A628-0144DF102203}.Debug|Any CPU.ActiveCfg = Debug|Any CPU
		{83624347-45BB-4E34-A628-0144DF102203}.Debug|Any CPU.Build.0 = Debug|Any CPU
		{83624347-45BB-4E34-A628-0144DF102203}.Release|Any CPU.ActiveCfg = Release|Any CPU
		{83624347-45BB-4E34-A628-0144DF102203}.Release|Any CPU.Build.0 = Release|Any CPU
		{23917D62-455F-4EE2-9D52-5A0CED80684F}.Debug|Any CPU.ActiveCfg = Debug|Any CPU
		{23917D62-455F-4EE2-9D52-5A0CED80684F}.Debug|Any CPU.Build.0 = Debug|Any CPU
		{23917D62-455F-4EE2-9D52-5A0CED80684F}.Release|Any CPU.ActiveCfg = Release|Any CPU
		{23917D62-455F-4EE2-9D52-5A0CED80684F}.Release|Any CPU.Build.0 = Release|Any CPU
	EndGlobalSection
	GlobalSection(SolutionProperties) = preSolution
		HideSolutionNode = FALSE
	EndGlobalSection
	GlobalSection(ExtensibilityGlobals) = postSolution
		SolutionGuid = {313F0C73-6742-41F0-B276-8C3FC9F312BA}
	EndGlobalSection
EndGlobal
